{
  "name": "mobx-wrap-request",
  "version": "2.1.0",
  "lockfileVersion": 1,
  "requires": true,
  "dependencies": {
    "mobx": {
      "version": "6.1.8",
      "resolved": "https://registry.npmjs.org/mobx/-/mobx-6.1.8.tgz",
      "integrity": "sha512-U4yCvUeh6yKXRwFxm2lyJjXPVekOEar/R8ZKWAXem/3fthJqYflViawfjDAUh7lZEvbKqljC3NT/pSaUKpE+gg==",
      "dev": true
    },
    "tslib": {
      "version": "2.0.3",
      "resolved": "https://registry.npmjs.org/tslib/-/tslib-2.0.3.tgz",
      "integrity": "sha512-uZtkfKblCEQtZKBF6EBXVZeQNl82yqtDQdv+eck8u7tdPxjLu2/lp5/uPW+um2tpuxINHWy3GhiccY7QgEaVHQ==",
      "dev": true
    },
    "typescript": {
      "version": "4.1.2",
      "resolved": "https://registry.npmjs.org/typescript/-/typescript-4.1.2.tgz",
      "integrity": "sha512-thGloWsGH3SOxv1SoY7QojKi0tc+8FnOmiarEGMbd/lar7QOEd3hvlx3Fp5y6FlDUGl9L+pd4n2e+oToGMmhRQ==",
      "dev": true
    },
    "wrap-request": {
      "version": "4.0.0",
      "resolved": "https://registry.npmjs.org/wrap-request/-/wrap-request-4.0.0.tgz",
      "integrity": "sha512-qgj8/A//GXKv6U0EdJLVFQd43zLBlfyMjRrLKgBRNu02mlurQAcTT+R7dhrrJV7BmhmvawUOsG0Fil8jZ/snGg==",
      "dev": true
    }
  }
}
