{
  "name": "mobx-wrap-request",
  "version": "1.0.3",
  "lockfileVersion": 1,
  "requires": true,
  "dependencies": {
    "wrap-request": {
      "version": "3.2.3",
      "resolved": "https://registry.npmjs.org/wrap-request/-/wrap-request-3.2.3.tgz",
      "integrity": "sha512-VKIYg2Z6/MYVTF+rpRJhkvtpTOleycN5nuPpZonHYc884BrnhHFQiZhveE9aXRTSK2e1n3ZITJp90B3Vnl/crQ=="
    }
  }
}
