{
  "name": "mobx-wrap-request",
  "version": "1.0.3",
  "lockfileVersion": 1,
  "requires": true,
  "dependencies": {
    "wrap-request": {
      "version": "3.2.0",
      "resolved": "https://registry.npmjs.org/wrap-request/-/wrap-request-3.2.0.tgz",
      "integrity": "sha512-KpnIE+jloZSBw/pw0D0uAWWIrr8d1fh/akZC6Xvv5PpfwS2ps0Y7pKrP7I0XMgdAYaVP1EQQB/472BFiq6M9Qg=="
    }
  }
}
