# THIS IS AN AUTOGENERATED FILE. DO NOT EDIT THIS FILE DIRECTLY.
# yarn lockfile v1


"wrap-request@>= 3.0.0":
  version "3.0.0"
  resolved "https://registry.yarnpkg.com/wrap-request/-/wrap-request-3.0.0.tgz#0f64c9320e6dcc5ed59d51c119dd4dbbe6677afd"
  integrity sha512-yCIteDbP2XbN3PLZ4yjwoYKvVAs4jqfmC7IQZns1Bdwd0rSsYQ/WAYQnwpptjrkmgB9UU7BiUXfHWWZqzqrCBw==
