# THIS IS AN AUTOGENERATED FILE. DO NOT EDIT THIS FILE DIRECTLY.
# yarn lockfile v1


"wrap-request@>= 3.0.0":
  version "3.1.0"
  resolved "https://registry.yarnpkg.com/wrap-request/-/wrap-request-3.1.0.tgz#c6c761070639d6fb262371558743d55427f7eba9"
  integrity sha512-WhVaHAmVj2FpoupXIyzD8OGSJHR0SGJsgR2cWhlBEJMI8FZtqPnPU9KDrDqPQrehAPjYi8SHh8qAGwgWs8K11A==
