# THIS IS AN AUTOGENERATED FILE. DO NOT EDIT THIS FILE DIRECTLY.
# yarn lockfile v1


"wrap-request@>= 3.1.1":
  version "3.1.1"
  resolved "https://registry.yarnpkg.com/wrap-request/-/wrap-request-3.1.1.tgz#644bb939f5e4334a4260fa2a29b17a50fb901752"
  integrity sha512-Eg2kb5j2moCZMxI8ag7QOokf6lSwEU3BX0pyig9Rb9FdHa8OA8Ndb7QYr3xeKK1DSnCBjpHhim2A5Y7S/apr9A==
